<?xml version="1.0" encoding="utf-8"?>
<Project ToolsVersion="4.0" xmlns="http://schemas.microsoft.com/developer/msbuild/2003">
  <ItemGroup>
    <Filter Include="소스 파일">
      <UniqueIdentifier>{4FC737F1-C7A5-4376-A066-2A32D752A2FF}</UniqueIdentifier>
      <Extensions>cpp;c;cc;cxx;c++;cppm;ixx;def;odl;idl;hpj;bat;asm;asmx</Extensions>
    </Filter>
    <Filter Include="헤더 파일">
      <UniqueIdentifier>{93995380-89BD-4b04-88EB-625FBE52EBFB}</UniqueIdentifier>
      <Extensions>h;hh;hpp;hxx;h++;hm;inl;inc;ipp;xsd</Extensions>
    </Filter>
    <Filter Include="리소스 파일">
      <UniqueIdentifier>{67DA6AB6-F800-4c08-8B7A-83BB121AAD01}</UniqueIdentifier>
      <Extensions>rc;ico;cur;bmp;dlg;rc2;rct;bin;rgs;gif;jpg;jpeg;jpe;resx;tiff;tif;png;wav;mfcribbon-ms</Extensions>
    </Filter>
    <Filter Include="헤더 파일\base">
      <UniqueIdentifier>{a3575f3f-a35b-4a31-bc05-ceb73c4d431b}</UniqueIdentifier>
    </Filter>
    <Filter Include="헤더 파일\entity">
      <UniqueIdentifier>{8e1e27de-52c2-42b2-9db8-c507e76fc6dc}</UniqueIdentifier>
    </Filter>
    <Filter Include="헤더 파일\gameplay">
      <UniqueIdentifier>{9b1a47ac-1f0e-4303-bd4d-d7ffd0727955}</UniqueIdentifier>
    </Filter>
    <Filter Include="헤더 파일\base\core">
      <UniqueIdentifier>{cd81ff9b-fa71-4b3c-be18-6a81456be70e}</UniqueIdentifier>
    </Filter>
    <Filter Include="소스 파일\base">
      <UniqueIdentifier>{a7487f43-67c3-42c9-93e7-07cb1d1b01a0}</UniqueIdentifier>
    </Filter>
    <Filter Include="소스 파일\entity">
      <UniqueIdentifier>{9926b802-6b3f-4ca4-801a-4d3b2df0c3e5}</UniqueIdentifier>
    </Filter>
    <Filter Include="소스 파일\gameplay">
      <UniqueIdentifier>{ee47df39-93ee-48f4-9022-e18b21b30b40}</UniqueIdentifier>
    </Filter>
    <Filter Include="소스 파일\main">
      <UniqueIdentifier>{e895c9f2-ca4d-4243-8e92-58563f3733fb}</UniqueIdentifier>
    </Filter>
    <Filter Include="헤더 파일\GL">
      <UniqueIdentifier>{3100e831-5ffb-46ef-89ab-a9e0af6b8a87}</UniqueIdentifier>
    </Filter>
    <Filter Include="헤더 파일\glm">
      <UniqueIdentifier>{0a9457e0-8a5c-4dbe-a743-1eadfb8a9251}</UniqueIdentifier>
    </Filter>
  </ItemGroup>
  <ItemGroup>
    <ClInclude Include="include\base\Object.hpp">
      <Filter>헤더 파일\base</Filter>
    </ClInclude>
    <ClInclude Include="include\base\core\BaseRect.hpp">
      <Filter>헤더 파일\base\core</Filter>
    </ClInclude>
    <ClInclude Include="include\base\core\Circle.hpp">
      <Filter>헤더 파일\base\core</Filter>
    </ClInclude>
    <ClInclude Include="include\base\core\Figure.hpp">
      <Filter>헤더 파일\base\core</Filter>
    </ClInclude>
    <ClInclude Include="include\base\core\Point2D.hpp">
      <Filter>헤더 파일\base\core</Filter>
    </ClInclude>
    <ClInclude Include="include\base\core\Rect.hpp">
      <Filter>헤더 파일\base\core</Filter>
    </ClInclude>
    <ClInclude Include="include\base\core\Rgba.hpp">
      <Filter>헤더 파일\base\core</Filter>
    </ClInclude>
    <ClInclude Include="include\base\core\Text.hpp">
      <Filter>헤더 파일\base\core</Filter>
    </ClInclude>
    <ClInclude Include="include\base\core\TransformMatrix.hpp">
      <Filter>헤더 파일\base\core</Filter>
    </ClInclude>
    <ClInclude Include="include\base\core\Triangle.hpp">
      <Filter>헤더 파일\base\core</Filter>
    </ClInclude>
    <ClInclude Include="include\base\core\Utility.hpp">
      <Filter>헤더 파일\base\core</Filter>
    </ClInclude>
    <ClInclude Include="include\entity\Airplane.hpp">
      <Filter>헤더 파일\entity</Filter>
    </ClInclude>
    <ClInclude Include="include\entity\Bullet.hpp">
      <Filter>헤더 파일\entity</Filter>
    </ClInclude>
    <ClInclude Include="include\entity\Heart.hpp">
      <Filter>헤더 파일\entity</Filter>
    </ClInclude>
    <ClInclude Include="include\entity\Item.hpp">
      <Filter>헤더 파일\entity</Filter>
    </ClInclude>
    <ClInclude Include="include\entity\Planetary.hpp">
      <Filter>헤더 파일\entity</Filter>
    </ClInclude>
    <ClInclude Include="include\entity\ThirdObjectManager.hpp">
      <Filter>헤더 파일\entity</Filter>
    </ClInclude>
    <ClInclude Include="include\entity\Ui.hpp">
      <Filter>헤더 파일\entity</Filter>
    </ClInclude>
    <ClInclude Include="include\gameplay\Ai.hpp">
      <Filter>헤더 파일\gameplay</Filter>
    </ClInclude>
    <ClInclude Include="include\gameplay\Constants.hpp">
      <Filter>헤더 파일\gameplay</Filter>
    </ClInclude>
    <ClInclude Include="include\gameplay\GamePlay.hpp">
      <Filter>헤더 파일\gameplay</Filter>
    </ClInclude>
    <ClInclude Include="include\GL\eglew.h">
      <Filter>헤더 파일\GL</Filter>
    </ClInclude>
    <ClInclude Include="include\GL\freeglut.h">
      <Filter>헤더 파일\GL</Filter>
    </ClInclude>
    <ClInclude Include="include\GL\freeglut_ext.h">
      <Filter>헤더 파일\GL</Filter>
    </ClInclude>
    <ClInclude Include="include\GL\freeglut_std.h">
      <Filter>헤더 파일\GL</Filter>
    </ClInclude>
    <ClInclude Include="include\GL\glew.h">
      <Filter>헤더 파일\GL</Filter>
    </ClInclude>
    <ClInclude Include="include\GL\glut.h">
      <Filter>헤더 파일\GL</Filter>
    </ClInclude>
    <ClInclude Include="include\GL\glxew.h">
      <Filter>헤더 파일\GL</Filter>
    </ClInclude>
    <ClInclude Include="include\GL\wglew.h">
      <Filter>헤더 파일\GL</Filter>
    </ClInclude>
    <ClInclude Include="include\glm\common.hpp">
      <Filter>헤더 파일\glm</Filter>
    </ClInclude>
    <ClInclude Include="include\glm\exponential.hpp">
      <Filter>헤더 파일\glm</Filter>
    </ClInclude>
    <ClInclude Include="include\glm\ext.hpp">
      <Filter>헤더 파일\glm</Filter>
    </ClInclude>
    <ClInclude Include="include\glm\fwd.hpp">
      <Filter>헤더 파일\glm</Filter>
    </ClInclude>
    <ClInclude Include="include\glm\geometric.hpp">
      <Filter>헤더 파일\glm</Filter>
    </ClInclude>
    <ClInclude Include="include\glm\glm.hpp">
      <Filter>헤더 파일\glm</Filter>
    </ClInclude>
    <ClInclude Include="include\glm\integer.hpp">
      <Filter>헤더 파일\glm</Filter>
    </ClInclude>
    <ClInclude Include="include\glm\mat2x2.hpp">
      <Filter>헤더 파일\glm</Filter>
    </ClInclude>
    <ClInclude Include="include\glm\mat2x3.hpp">
      <Filter>헤더 파일\glm</Filter>
    </ClInclude>
    <ClInclude Include="include\glm\mat2x4.hpp">
      <Filter>헤더 파일\glm</Filter>
    </ClInclude>
    <ClInclude Include="include\glm\mat3x2.hpp">
      <Filter>헤더 파일\glm</Filter>
    </ClInclude>
    <ClInclude Include="include\glm\mat3x3.hpp">
      <Filter>헤더 파일\glm</Filter>
    </ClInclude>
    <ClInclude Include="include\glm\mat3x4.hpp">
      <Filter>헤더 파일\glm</Filter>
    </ClInclude>
    <ClInclude Include="include\glm\mat4x2.hpp">
      <Filter>헤더 파일\glm</Filter>
    </ClInclude>
    <ClInclude Include="include\glm\mat4x3.hpp">
      <Filter>헤더 파일\glm</Filter>
    </ClInclude>
    <ClInclude Include="include\glm\mat4x4.hpp">
      <Filter>헤더 파일\glm</Filter>
    </ClInclude>
    <ClInclude Include="include\glm\matrix.hpp">
      <Filter>헤더 파일\glm</Filter>
    </ClInclude>
    <ClInclude Include="include\glm\packing.hpp">
      <Filter>헤더 파일\glm</Filter>
    </ClInclude>
    <ClInclude Include="include\glm\trigonometric.hpp">
      <Filter>헤더 파일\glm</Filter>
    </ClInclude>
    <ClInclude Include="include\glm\vec2.hpp">
      <Filter>헤더 파일\glm</Filter>
    </ClInclude>
    <ClInclude Include="include\glm\vec3.hpp">
      <Filter>헤더 파일\glm</Filter>
    </ClInclude>
    <ClInclude Include="include\glm\vec4.hpp">
      <Filter>헤더 파일\glm</Filter>
    </ClInclude>
    <ClInclude Include="include\glm\vector_relational.hpp">
      <Filter>헤더 파일\glm</Filter>
    </ClInclude>
  </ItemGroup>
  <ItemGroup>
    <ClCompile Include="src\base\Object.cpp">
      <Filter>소스 파일\base</Filter>
    </ClCompile>
    <ClCompile Include="src\entity\Airplane.cpp">
      <Filter>소스 파일\entity</Filter>
    </ClCompile>
    <ClCompile Include="src\entity\Bullet.cpp">
      <Filter>소스 파일\entity</Filter>
    </ClCompile>
    <ClCompile Include="src\entity\Heart.cpp">
      <Filter>소스 파일\entity</Filter>
    </ClCompile>
    <ClCompile Include="src\entity\Item.cpp">
      <Filter>소스 파일\entity</Filter>
    </ClCompile>
    <ClCompile Include="src\entity\Planetary.cpp">
      <Filter>소스 파일\entity</Filter>
    </ClCompile>
    <ClCompile Include="src\entity\ThirdObjectManager.cpp">
      <Filter>소스 파일\entity</Filter>
    </ClCompile>
    <ClCompile Include="src\entity\Ui.cpp">
      <Filter>소스 파일\entity</Filter>
    </ClCompile>
    <ClCompile Include="src\gameplay\Ai.cpp">
      <Filter>소스 파일\gameplay</Filter>
    </ClCompile>
    <ClCompile Include="src\gameplay\GamePlay.cpp">
      <Filter>소스 파일\gameplay</Filter>
    </ClCompile>
    <ClCompile Include="main\main.cpp">
      <Filter>소스 파일\main</Filter>
    </ClCompile>
  </ItemGroup>
</Project>