<?xml version="1.0" encoding="utf-8"?>
<Project ToolsVersion="4.0" xmlns="http://schemas.microsoft.com/developer/msbuild/2003">
  <ItemGroup>
    <Filter Include="소스 파일">
      <UniqueIdentifier>{4FC737F1-C7A5-4376-A066-2A32D752A2FF}</UniqueIdentifier>
      <Extensions>cpp;c;cc;cxx;c++;cppm;ixx;def;odl;idl;hpj;bat;asm;asmx</Extensions>
    </Filter>
    <Filter Include="헤더 파일">
      <UniqueIdentifier>{93995380-89BD-4b04-88EB-625FBE52EBFB}</UniqueIdentifier>
      <Extensions>h;hh;hpp;hxx;h++;hm;inl;inc;ipp;xsd</Extensions>
    </Filter>
    <Filter Include="리소스 파일">
      <UniqueIdentifier>{67DA6AB6-F800-4c08-8B7A-83BB121AAD01}</UniqueIdentifier>
      <Extensions>rc;ico;cur;bmp;dlg;rc2;rct;bin;rgs;gif;jpg;jpeg;jpe;resx;tiff;tif;png;wav;mfcribbon-ms</Extensions>
    </Filter>
    <Filter Include="헤더 파일\core">
      <UniqueIdentifier>{82e0e01b-1f9c-474b-82be-8cdd88937ada}</UniqueIdentifier>
    </Filter>
    <Filter Include="헤더 파일\core\GL">
      <UniqueIdentifier>{3799e46a-578b-43c2-b561-00935bc997be}</UniqueIdentifier>
    </Filter>
    <Filter Include="헤더 파일\core\glm">
      <UniqueIdentifier>{92ee824c-8d6a-4c0d-919a-6eeb744a6416}</UniqueIdentifier>
    </Filter>
    <Filter Include="헤더 파일\core\glm\detail">
      <UniqueIdentifier>{8b6898e8-0498-4f2a-bd6f-145dee1be63d}</UniqueIdentifier>
    </Filter>
    <Filter Include="헤더 파일\core\glm\ext">
      <UniqueIdentifier>{dbd12666-8a1b-4951-94a3-abb22d6bb74b}</UniqueIdentifier>
    </Filter>
    <Filter Include="헤더 파일\core\glm\gtc">
      <UniqueIdentifier>{da88f296-ec5a-4a96-b041-78ece773a10f}</UniqueIdentifier>
    </Filter>
    <Filter Include="헤더 파일\core\glm\gtx">
      <UniqueIdentifier>{dba005f9-c584-4991-8788-c090035564d2}</UniqueIdentifier>
    </Filter>
    <Filter Include="헤더 파일\core\glm\simd">
      <UniqueIdentifier>{65b1ff65-3f60-4ff0-a841-e942a4b1d163}</UniqueIdentifier>
    </Filter>
    <Filter Include="헤더 파일\core\assimp">
      <UniqueIdentifier>{fb8f62ac-1909-44cd-91c2-f65ae33c5b59}</UniqueIdentifier>
    </Filter>
    <Filter Include="shader">
      <UniqueIdentifier>{8742d983-44a0-4f00-81bd-8111edd02630}</UniqueIdentifier>
    </Filter>
  </ItemGroup>
  <ItemGroup>
    <ClCompile Include="main\main.cpp">
      <Filter>소스 파일</Filter>
    </ClCompile>
    <ClCompile Include="src\Ai.cpp">
      <Filter>소스 파일</Filter>
    </ClCompile>
    <ClCompile Include="src\Aircraft.cpp">
      <Filter>소스 파일</Filter>
    </ClCompile>
    <ClCompile Include="src\GamePlay.cpp">
      <Filter>소스 파일</Filter>
    </ClCompile>
    <ClCompile Include="src\Hud.cpp">
      <Filter>소스 파일</Filter>
    </ClCompile>
    <ClCompile Include="src\Planetary.cpp">
      <Filter>소스 파일</Filter>
    </ClCompile>
    <ClCompile Include="src\StraightMovingObjectManager.cpp">
      <Filter>소스 파일</Filter>
    </ClCompile>
    <ClCompile Include="src\World.cpp">
      <Filter>소스 파일</Filter>
    </ClCompile>
    <ClCompile Include="include\core\Mesh.hpp">
      <Filter>헤더 파일\core</Filter>
    </ClCompile>
  </ItemGroup>
  <ItemGroup>
    <ClInclude Include="include\Ai.hpp">
      <Filter>헤더 파일</Filter>
    </ClInclude>
    <ClInclude Include="include\Aircraft.hpp">
      <Filter>헤더 파일</Filter>
    </ClInclude>
    <ClInclude Include="include\Constants.hpp">
      <Filter>헤더 파일</Filter>
    </ClInclude>
    <ClInclude Include="include\GamePlay.hpp">
      <Filter>헤더 파일</Filter>
    </ClInclude>
    <ClInclude Include="include\Hud.hpp">
      <Filter>헤더 파일</Filter>
    </ClInclude>
    <ClInclude Include="include\Planetary.hpp">
      <Filter>헤더 파일</Filter>
    </ClInclude>
    <ClInclude Include="include\StraightMovingObjectManager.hpp">
      <Filter>헤더 파일</Filter>
    </ClInclude>
    <ClInclude Include="include\World.hpp">
      <Filter>헤더 파일</Filter>
    </ClInclude>
    <ClInclude Include="include\core\Object.hpp">
      <Filter>헤더 파일\core</Filter>
    </ClInclude>
    <ClInclude Include="include\core\Utility.hpp">
      <Filter>헤더 파일\core</Filter>
    </ClInclude>
    <ClInclude Include="include\core\Shader.hpp">
      <Filter>헤더 파일\core</Filter>
    </ClInclude>
    <ClInclude Include="include\core\ModelViewMat.hpp">
      <Filter>헤더 파일\core</Filter>
    </ClInclude>
    <ClInclude Include="include\DirectionalLight.hpp">
      <Filter>헤더 파일</Filter>
    </ClInclude>
  </ItemGroup>
  <ItemGroup>
    <None Include="shader\phong_fragment.frag">
      <Filter>shader</Filter>
    </None>
    <None Include="shader\phong_vertex.vert">
      <Filter>shader</Filter>
    </None>
    <None Include="shader\nonlight_vertex.vert">
      <Filter>shader</Filter>
    </None>
    <None Include="shader\nonlight_fragment.frag">
      <Filter>shader</Filter>
    </None>
  </ItemGroup>
</Project>