<?xml version="1.0" encoding="utf-8"?>
<Project ToolsVersion="4.0" xmlns="http://schemas.microsoft.com/developer/msbuild/2003">
  <ItemGroup>
    <Filter Include="소스 파일">
      <UniqueIdentifier>{4FC737F1-C7A5-4376-A066-2A32D752A2FF}</UniqueIdentifier>
      <Extensions>cpp;c;cc;cxx;c++;cppm;ixx;def;odl;idl;hpj;bat;asm;asmx</Extensions>
    </Filter>
    <Filter Include="헤더 파일">
      <UniqueIdentifier>{93995380-89BD-4b04-88EB-625FBE52EBFB}</UniqueIdentifier>
      <Extensions>h;hh;hpp;hxx;h++;hm;inl;inc;ipp;xsd</Extensions>
    </Filter>
    <Filter Include="리소스 파일">
      <UniqueIdentifier>{67DA6AB6-F800-4c08-8B7A-83BB121AAD01}</UniqueIdentifier>
      <Extensions>rc;ico;cur;bmp;dlg;rc2;rct;bin;rgs;gif;jpg;jpeg;jpe;resx;tiff;tif;png;wav;mfcribbon-ms</Extensions>
    </Filter>
    <Filter Include="소스 파일\base">
      <UniqueIdentifier>{66d9d40d-579e-444e-a2c0-6895a41a4b49}</UniqueIdentifier>
    </Filter>
    <Filter Include="소스 파일\dynamics">
      <UniqueIdentifier>{b87eb846-2bfa-4938-88e4-872165c6ece9}</UniqueIdentifier>
    </Filter>
    <Filter Include="소스 파일\gameplay">
      <UniqueIdentifier>{5d5f3b57-8cde-4b37-925c-2c7e18b9e825}</UniqueIdentifier>
    </Filter>
    <Filter Include="소스 파일\main">
      <UniqueIdentifier>{8b2e420a-d031-4961-bc59-954d67f03126}</UniqueIdentifier>
    </Filter>
    <Filter Include="헤더 파일\base">
      <UniqueIdentifier>{e2f052cd-d105-47c9-a0e9-daf1ffc83315}</UniqueIdentifier>
    </Filter>
    <Filter Include="헤더 파일\dynamics">
      <UniqueIdentifier>{5f63c0cc-0129-4cb6-9957-2034a4419510}</UniqueIdentifier>
    </Filter>
    <Filter Include="헤더 파일\gameplay">
      <UniqueIdentifier>{f256d4a3-2c1c-4c74-ad27-8e4b1e2b2bfc}</UniqueIdentifier>
    </Filter>
  </ItemGroup>
  <ItemGroup>
    <ClCompile Include="src\base\DynamicObject.cpp">
      <Filter>소스 파일\base</Filter>
    </ClCompile>
    <ClCompile Include="src\base\Rect.cpp">
      <Filter>소스 파일\base</Filter>
    </ClCompile>
    <ClCompile Include="src\dynamics\Airplane.cpp">
      <Filter>소스 파일\dynamics</Filter>
    </ClCompile>
    <ClCompile Include="src\dynamics\Bullet.cpp">
      <Filter>소스 파일\dynamics</Filter>
    </ClCompile>
    <ClCompile Include="src\gameplay\Ai.cpp">
      <Filter>소스 파일\gameplay</Filter>
    </ClCompile>
    <ClCompile Include="src\gameplay\GamePlay.cpp">
      <Filter>소스 파일\gameplay</Filter>
    </ClCompile>
    <ClCompile Include="main\main.cpp">
      <Filter>소스 파일\main</Filter>
    </ClCompile>
    <ClCompile Include="src\base\ModelViewMat2D.cpp">
      <Filter>소스 파일\base</Filter>
    </ClCompile>
  </ItemGroup>
  <ItemGroup>
    <ClInclude Include="include\base\DynamicObject.hpp">
      <Filter>헤더 파일\base</Filter>
    </ClInclude>
    <ClInclude Include="include\base\Point2D.hpp">
      <Filter>헤더 파일\base</Filter>
    </ClInclude>
    <ClInclude Include="include\base\Rect.hpp">
      <Filter>헤더 파일\base</Filter>
    </ClInclude>
    <ClInclude Include="include\base\Rgb.hpp">
      <Filter>헤더 파일\base</Filter>
    </ClInclude>
    <ClInclude Include="include\dynamics\Airplane.hpp">
      <Filter>헤더 파일\dynamics</Filter>
    </ClInclude>
    <ClInclude Include="include\dynamics\Bullet.hpp">
      <Filter>헤더 파일\dynamics</Filter>
    </ClInclude>
    <ClInclude Include="include\gameplay\Ai.hpp">
      <Filter>헤더 파일\gameplay</Filter>
    </ClInclude>
    <ClInclude Include="include\gameplay\Constants.hpp">
      <Filter>헤더 파일\gameplay</Filter>
    </ClInclude>
    <ClInclude Include="include\gameplay\GamePlay.hpp">
      <Filter>헤더 파일\gameplay</Filter>
    </ClInclude>
    <ClInclude Include="include\base\ModelViewMat2D.hpp">
      <Filter>헤더 파일\base</Filter>
    </ClInclude>
  </ItemGroup>
</Project>